
Microsoft Visual Studio Solution File, Format Version 12.00
# Visual Studio Version 17
VisualStudioVersion = 17.5.33502.453
MinimumVisualStudioVersion = 10.0.40219.1
Project("{FAE04EC0-301F-11D3-BF4B-00C04F79EFBC}") = "genkrv", "genkrv\genkrv.csproj", "{727A4E00-0A8F-40C3-8A26-1FBB43E7C881}"
EndProject
Global
	GlobalSection(SolutionConfigurationPlatforms) = preSolution
		Debug|Any CPU = Debug|Any CPU
		Release|Any CPU = Release|Any CPU
	EndGlobalSection
	GlobalSection(ProjectConfigurationPlatforms) = postSolution
		{727A4E00-0A8F-40C3-8A26-1FBB43E7C881}.Debug|Any CPU.ActiveCfg = Debug|Any CPU
		{727A4E00-0A8F-40C3-8A26-1FBB43E7C881}.Debug|Any CPU.Build.0 = Debug|Any CPU
		{727A4E00-0A8F-40C3-8A26-1FBB43E7C881}.Release|Any CPU.ActiveCfg = Release|Any CPU
		{727A4E00-0A8F-40C3-8A26-1FBB43E7C881}.Release|Any CPU.Build.0 = Release|Any CPU
	EndGlobalSection
	GlobalSection(SolutionProperties) = preSolution
		HideSolutionNode = FALSE
	EndGlobalSection
	GlobalSection(ExtensibilityGlobals) = postSolution
		SolutionGuid = {04691DC7-E407-493B-B51C-3D8902E6AF7E}
	EndGlobalSection
EndGlobal
